// !$*UTF8*$!
{
	archiveVersion = 1;
	classes = {
	};
	objectVersion = 71;
	objects = {

/* Begin PBXBuildFile section */
		2C95AEF32CA6DF85001A5559 /* SnapKit in Frameworks */ = {isa = PBXBuildFile; productRef = 2C95AEF22CA6DF85001A5559 /* SnapKit */; };
		2C9BDDA72CA79F420026D038 /* Kingfisher in Frameworks */ = {isa = PBXBuildFile; productRef = 2C9BDDA62CA79F420026D038 /* Kingfisher */; };
		2CD2293C2B42E7A2005400BE /* RxBlocking in Frameworks */ = {isa = PBXBuildFile; productRef = 2CD2293B2B42E7A2005400BE /* RxBlocking */; };
		2CD229402B42E7A2005400BE /* RxCocoa in Frameworks */ = {isa = PBXBuildFile; productRef = 2CD2293F2B42E7A2005400BE /* RxCocoa */; };
		2CD229442B42E7A2005400BE /* RxRelay in Frameworks */ = {isa = PBXBuildFile; productRef = 2CD229432B42E7A2005400BE /* RxRelay */; };
		2CD229472B42E7C8005400BE /* Lottie in Frameworks */ = {isa = PBXBuildFile; productRef = 2CD229462B42E7C8005400BE /* Lottie */; };
		390162CC2CE6575D00B7476C /* RxKakaoSDKAuth in Frameworks */ = {isa = PBXBuildFile; productRef = 390162CB2CE6575D00B7476C /* RxKakaoSDKAuth */; };
		390162CE2CE6575D00B7476C /* RxKakaoSDKUser in Frameworks */ = {isa = PBXBuildFile; productRef = 390162CD2CE6575D00B7476C /* RxKakaoSDKUser */; };
		3916EC862B89B42C007835B5 /* RxGesture in Frameworks */ = {isa = PBXBuildFile; productRef = 3916EC852B89B42C007835B5 /* RxGesture */; };
		394401AA2CE9B07B007B5E04 /* Then in Frameworks */ = {isa = PBXBuildFile; productRef = 394401A92CE9B07B007B5E04 /* Then */; };
		398F933E2CE66C3500C0F916 /* RxKakaoSDKCommon in Frameworks */ = {isa = PBXBuildFile; productRef = 398F933D2CE66C3500C0F916 /* RxKakaoSDKCommon */; };
		3999BFEE2B4E6CA000984832 /* UIImageViewAlignedSwift in Frameworks */ = {isa = PBXBuildFile; productRef = 3999BFED2B4E6CA000984832 /* UIImageViewAlignedSwift */; };
		39EDFB392D38D9A7009F071A /* FirebaseAnalytics in Frameworks */ = {isa = PBXBuildFile; productRef = 39EDFB382D38D9A7009F071A /* FirebaseAnalytics */; };
		39EDFB3B2D38D9A7009F071A /* FirebaseMessaging in Frameworks */ = {isa = PBXBuildFile; productRef = 39EDFB3A2D38D9A7009F071A /* FirebaseMessaging */; };
		39EF97AC2B53E43800D2148B /* Lottie in Frameworks */ = {isa = PBXBuildFile; productRef = 39EF97AB2B53E43800D2148B /* Lottie */; };
		CD3E5A852B54254F00C0A659 /* RxKeyboard in Frameworks */ = {isa = PBXBuildFile; productRef = CD3E5A842B54254F00C0A659 /* RxKeyboard */; };
		CDE0C0312D23B04D000BC822 /* AmplitudeSwift in Frameworks */ = {isa = PBXBuildFile; productRef = CDE0C0302D23B04D000BC822 /* AmplitudeSwift */; };
/* End PBXBuildFile section */

/* Begin PBXFileReference section */
		2CD229182B42E685005400BE /* WSSiOS.app */ = {isa = PBXFileReference; explicitFileType = wrapper.application; includeInIndex = 0; path = WSSiOS.app; sourceTree = BUILT_PRODUCTS_DIR; };
/* End PBXFileReference section */

/* Begin PBXFileSystemSynchronizedBuildFileExceptionSet section */
		B9C8AC4D2DDF646800F2076A /* PBXFileSystemSynchronizedBuildFileExceptionSet */ = {
			isa = PBXFileSystemSynchronizedBuildFileExceptionSet;
			membershipExceptions = (
				Debug.xcconfig,
				Info.plist,
				Release.xcconfig,
			);
			target = 2CD229172B42E685005400BE /* WSSiOS */;
		};
/* End PBXFileSystemSynchronizedBuildFileExceptionSet section */

/* Begin PBXFileSystemSynchronizedRootGroup section */
		B9C8AAA52DDF646800F2076A /* WSSiOS */ = {isa = PBXFileSystemSynchronizedRootGroup; exceptions = (B9C8AC4D2DDF646800F2076A /* PBXFileSystemSynchronizedBuildFileExceptionSet */, ); explicitFileTypes = {}; explicitFolders = (); path = WSSiOS; sourceTree = "<group>"; };
/* End PBXFileSystemSynchronizedRootGroup section */

/* Begin PBXFrameworksBuildPhase section */
		2CD229152B42E685005400BE /* Frameworks */ = {
			isa = PBXFrameworksBuildPhase;
			buildActionMask = 2147483647;
			files = (
				390162CE2CE6575D00B7476C /* RxKakaoSDKUser in Frameworks */,
				3999BFEE2B4E6CA000984832 /* UIImageViewAlignedSwift in Frameworks */,
				CD3E5A852B54254F00C0A659 /* RxKeyboard in Frameworks */,
				CDE0C0312D23B04D000BC822 /* AmplitudeSwift in Frameworks */,
				394401AA2CE9B07B007B5E04 /* Then in Frameworks */,
				390162CC2CE6575D00B7476C /* RxKakaoSDKAuth in Frameworks */,
				2CD229442B42E7A2005400BE /* RxRelay in Frameworks */,
				2CD229472B42E7C8005400BE /* Lottie in Frameworks */,
				2CD229402B42E7A2005400BE /* RxCocoa in Frameworks */,
				39EDFB3B2D38D9A7009F071A /* FirebaseMessaging in Frameworks */,
				3916EC862B89B42C007835B5 /* RxGesture in Frameworks */,
				39EDFB392D38D9A7009F071A /* FirebaseAnalytics in Frameworks */,
				2CD2293C2B42E7A2005400BE /* RxBlocking in Frameworks */,
				398F933E2CE66C3500C0F916 /* RxKakaoSDKCommon in Frameworks */,
				2C9BDDA72CA79F420026D038 /* Kingfisher in Frameworks */,
				39EF97AC2B53E43800D2148B /* Lottie in Frameworks */,
				2C95AEF32CA6DF85001A5559 /* SnapKit in Frameworks */,
			);
			runOnlyForDeploymentPostprocessing = 0;
		};
/* End PBXFrameworksBuildPhase section */

/* Begin PBXGroup section */
		2CD2290F2B42E685005400BE = {
			isa = PBXGroup;
			children = (
				B9C8AAA52DDF646800F2076A /* WSSiOS */,
				2CD229192B42E685005400BE /* Products */,
			);
			sourceTree = "<group>";
		};
		2CD229192B42E685005400BE /* Products */ = {
			isa = PBXGroup;
			children = (
				2CD229182B42E685005400BE /* WSSiOS.app */,
			);
			name = Products;
			sourceTree = "<group>";
		};
/* End PBXGroup section */

/* Begin PBXNativeTarget section */
		2CD229172B42E685005400BE /* WSSiOS */ = {
			isa = PBXNativeTarget;
			buildConfigurationList = 2CD2292C2B42E687005400BE /* Build configuration list for PBXNativeTarget "WSSiOS" */;
			buildPhases = (
				2CD229142B42E685005400BE /* Sources */,
				2CD229152B42E685005400BE /* Frameworks */,
				2CD229162B42E685005400BE /* Resources */,
			);
			buildRules = (
			);
			dependencies = (
			);
			fileSystemSynchronizedGroups = (
				B9C8AAA52DDF646800F2076A /* WSSiOS */,
			);
			name = WSSiOS;
			packageProductDependencies = (
				2CD2293B2B42E7A2005400BE /* RxBlocking */,
				2CD2293F2B42E7A2005400BE /* RxCocoa */,
				2CD229432B42E7A2005400BE /* RxRelay */,
				2CD229462B42E7C8005400BE /* Lottie */,
				3999BFED2B4E6CA000984832 /* UIImageViewAlignedSwift */,
				39EF97AB2B53E43800D2148B /* Lottie */,
				CD3E5A842B54254F00C0A659 /* RxKeyboard */,
				3916EC852B89B42C007835B5 /* RxGesture */,
				2C95AEF22CA6DF85001A5559 /* SnapKit */,
				2C9BDDA62CA79F420026D038 /* Kingfisher */,
				390162CB2CE6575D00B7476C /* RxKakaoSDKAuth */,
				390162CD2CE6575D00B7476C /* RxKakaoSDKUser */,
				398F933D2CE66C3500C0F916 /* RxKakaoSDKCommon */,
				394401A92CE9B07B007B5E04 /* Then */,
				CDE0C0302D23B04D000BC822 /* AmplitudeSwift */,
				39EDFB382D38D9A7009F071A /* FirebaseAnalytics */,
				39EDFB3A2D38D9A7009F071A /* FirebaseMessaging */,
			);
			productName = WSSiOS;
			productReference = 2CD229182B42E685005400BE /* WSSiOS.app */;
			productType = "com.apple.product-type.application";
		};
/* End PBXNativeTarget section */

/* Begin PBXProject section */
		2CD229102B42E685005400BE /* Project object */ = {
			isa = PBXProject;
			attributes = {
				BuildIndependentTargetsInParallel = YES;
				LastSwiftUpdateCheck = 1510;
				LastUpgradeCheck = 1610;
				TargetAttributes = {
					2CD229172B42E685005400BE = {
						CreatedOnToolsVersion = 15.1;
					};
				};
			};
			buildConfigurationList = 2CD229132B42E685005400BE /* Build configuration list for PBXProject "WSSiOS" */;
			compatibilityVersion = "Xcode 14.0";
			developmentRegion = ko;
			hasScannedForEncodings = 0;
			knownRegions = (
				Base,
				ko,
			);
			mainGroup = 2CD2290F2B42E685005400BE;
			packageReferences = (
				2CD2293A2B42E7A2005400BE /* XCRemoteSwiftPackageReference "RxSwift" */,
				2CD229452B42E7C8005400BE /* XCRemoteSwiftPackageReference "lottie-ios" */,
				3999BFEC2B4E6CA000984832 /* XCRemoteSwiftPackageReference "UIImageViewAlignedSwift" */,
				CD3E5A832B54254F00C0A659 /* XCRemoteSwiftPackageReference "RxKeyboard" */,
				3916EC842B89B42C007835B5 /* XCRemoteSwiftPackageReference "RxGesture" */,
				2C95AEF12CA6DF85001A5559 /* XCRemoteSwiftPackageReference "SnapKit" */,
				2C9BDDA52CA79F420026D038 /* XCRemoteSwiftPackageReference "Kingfisher" */,
				390162CA2CE6575D00B7476C /* XCRemoteSwiftPackageReference "kakao-ios-sdk-rx" */,
				394401A82CE9B07B007B5E04 /* XCRemoteSwiftPackageReference "Then" */,
				CDE0C02F2D23B04C000BC822 /* XCRemoteSwiftPackageReference "Amplitude-Swift" */,
				39EDFB372D38D9A7009F071A /* XCRemoteSwiftPackageReference "firebase-ios-sdk" */,
			);
			productRefGroup = 2CD229192B42E685005400BE /* Products */;
			projectDirPath = "";
			projectRoot = "";
			targets = (
				2CD229172B42E685005400BE /* WSSiOS */,
			);
		};
/* End PBXProject section */

/* Begin PBXResourcesBuildPhase section */
		2CD229162B42E685005400BE /* Resources */ = {
			isa = PBXResourcesBuildPhase;
			buildActionMask = 2147483647;
			files = (
			);
			runOnlyForDeploymentPostprocessing = 0;
		};
/* End PBXResourcesBuildPhase section */

/* Begin PBXSourcesBuildPhase section */
		2CD229142B42E685005400BE /* Sources */ = {
			isa = PBXSourcesBuildPhase;
			buildActionMask = 2147483647;
			files = (
			);
			runOnlyForDeploymentPostprocessing = 0;
		};
/* End PBXSourcesBuildPhase section */

/* Begin XCBuildConfiguration section */
		2CD2292A2B42E687005400BE /* Debug */ = {
			isa = XCBuildConfiguration;
			baseConfigurationReferenceAnchor = B9C8AAA52DDF646800F2076A /* WSSiOS */;
			baseConfigurationReferenceRelativePath = Debug.xcconfig;
			buildSettings = {
				ALWAYS_SEARCH_USER_PATHS = NO;
				ASSETCATALOG_COMPILER_GENERATE_SWIFT_ASSET_SYMBOL_EXTENSIONS = YES;
				CLANG_ANALYZER_NONNULL = YES;
				CLANG_ANALYZER_NUMBER_OBJECT_CONVERSION = YES_AGGRESSIVE;
				CLANG_CXX_LANGUAGE_STANDARD = "gnu++20";
				CLANG_ENABLE_MODULES = YES;
				CLANG_ENABLE_OBJC_ARC = YES;
				CLANG_ENABLE_OBJC_WEAK = YES;
				CLANG_WARN_BLOCK_CAPTURE_AUTORELEASING = YES;
				CLANG_WARN_BOOL_CONVERSION = YES;
				CLANG_WARN_COMMA = YES;
				CLANG_WARN_CONSTANT_CONVERSION = YES;
				CLANG_WARN_DEPRECATED_OBJC_IMPLEMENTATIONS = YES;
				CLANG_WARN_DIRECT_OBJC_ISA_USAGE = YES_ERROR;
				CLANG_WARN_DOCUMENTATION_COMMENTS = YES;
				CLANG_WARN_EMPTY_BODY = YES;
				CLANG_WARN_ENUM_CONVERSION = YES;
				CLANG_WARN_INFINITE_RECURSION = YES;
				CLANG_WARN_INT_CONVERSION = YES;
				CLANG_WARN_NON_LITERAL_NULL_CONVERSION = YES;
				CLANG_WARN_OBJC_IMPLICIT_RETAIN_SELF = YES;
				CLANG_WARN_OBJC_LITERAL_CONVERSION = YES;
				CLANG_WARN_OBJC_ROOT_CLASS = YES_ERROR;
				CLANG_WARN_QUOTED_INCLUDE_IN_FRAMEWORK_HEADER = YES;
				CLANG_WARN_RANGE_LOOP_ANALYSIS = YES;
				CLANG_WARN_STRICT_PROTOTYPES = YES;
				CLANG_WARN_SUSPICIOUS_MOVE = YES;
				CLANG_WARN_UNGUARDED_AVAILABILITY = YES_AGGRESSIVE;
				CLANG_WARN_UNREACHABLE_CODE = YES;
				CLANG_WARN__DUPLICATE_METHOD_MATCH = YES;
				COPY_PHASE_STRIP = NO;
				DEBUG_INFORMATION_FORMAT = dwarf;
				ENABLE_HARDENED_RUNTIME = NO;
				ENABLE_STRICT_OBJC_MSGSEND = YES;
				ENABLE_TESTABILITY = YES;
				ENABLE_USER_SCRIPT_SANDBOXING = YES;
				GCC_C_LANGUAGE_STANDARD = gnu17;
				GCC_DYNAMIC_NO_PIC = NO;
				GCC_NO_COMMON_BLOCKS = YES;
				GCC_OPTIMIZATION_LEVEL = 0;
				GCC_PREPROCESSOR_DEFINITIONS = (
					"DEBUG=1",
					"$(inherited)",
				);
				GCC_WARN_64_TO_32_BIT_CONVERSION = YES;
				GCC_WARN_ABOUT_RETURN_TYPE = YES_ERROR;
				GCC_WARN_UNDECLARED_SELECTOR = YES;
				GCC_WARN_UNINITIALIZED_AUTOS = YES_AGGRESSIVE;
				GCC_WARN_UNUSED_FUNCTION = YES;
				GCC_WARN_UNUSED_VARIABLE = YES;
				IPHONEOS_DEPLOYMENT_TARGET = 17.2;
				LOCALIZATION_PREFERS_STRING_CATALOGS = YES;
				MTL_ENABLE_DEBUG_INFO = INCLUDE_SOURCE;
				MTL_FAST_MATH = YES;
				ONLY_ACTIVE_ARCH = YES;
				SDKROOT = iphoneos;
				SWIFT_ACTIVE_COMPILATION_CONDITIONS = "DEBUG $(inherited)";
				SWIFT_EMIT_LOC_STRINGS = YES;
				SWIFT_OPTIMIZATION_LEVEL = "-Onone";
			};
			name = Debug;
		};
		2CD2292B2B42E687005400BE /* Release */ = {
			isa = XCBuildConfiguration;
			baseConfigurationReferenceAnchor = B9C8AAA52DDF646800F2076A /* WSSiOS */;
			baseConfigurationReferenceRelativePath = Release.xcconfig;
			buildSettings = {
				ALWAYS_SEARCH_USER_PATHS = NO;
				ASSETCATALOG_COMPILER_GENERATE_SWIFT_ASSET_SYMBOL_EXTENSIONS = YES;
				CLANG_ANALYZER_NONNULL = YES;
				CLANG_ANALYZER_NUMBER_OBJECT_CONVERSION = YES_AGGRESSIVE;
				CLANG_CXX_LANGUAGE_STANDARD = "gnu++20";
				CLANG_ENABLE_MODULES = YES;
				CLANG_ENABLE_OBJC_ARC = YES;
				CLANG_ENABLE_OBJC_WEAK = YES;
				CLANG_WARN_BLOCK_CAPTURE_AUTORELEASING = YES;
				CLANG_WARN_BOOL_CONVERSION = YES;
				CLANG_WARN_COMMA = YES;
				CLANG_WARN_CONSTANT_CONVERSION = YES;
				CLANG_WARN_DEPRECATED_OBJC_IMPLEMENTATIONS = YES;
				CLANG_WARN_DIRECT_OBJC_ISA_USAGE = YES_ERROR;
				CLANG_WARN_DOCUMENTATION_COMMENTS = YES;
				CLANG_WARN_EMPTY_BODY = YES;
				CLANG_WARN_ENUM_CONVERSION = YES;
				CLANG_WARN_INFINITE_RECURSION = YES;
				CLANG_WARN_INT_CONVERSION = YES;
				CLANG_WARN_NON_LITERAL_NULL_CONVERSION = YES;
				CLANG_WARN_OBJC_IMPLICIT_RETAIN_SELF = YES;
				CLANG_WARN_OBJC_LITERAL_CONVERSION = YES;
				CLANG_WARN_OBJC_ROOT_CLASS = YES_ERROR;
				CLANG_WARN_QUOTED_INCLUDE_IN_FRAMEWORK_HEADER = YES;
				CLANG_WARN_RANGE_LOOP_ANALYSIS = YES;
				CLANG_WARN_STRICT_PROTOTYPES = YES;
				CLANG_WARN_SUSPICIOUS_MOVE = YES;
				CLANG_WARN_UNGUARDED_AVAILABILITY = YES_AGGRESSIVE;
				CLANG_WARN_UNREACHABLE_CODE = YES;
				CLANG_WARN__DUPLICATE_METHOD_MATCH = YES;
				COPY_PHASE_STRIP = NO;
				DEBUG_INFORMATION_FORMAT = "dwarf-with-dsym";
				ENABLE_HARDENED_RUNTIME = NO;
				ENABLE_NS_ASSERTIONS = NO;
				ENABLE_STRICT_OBJC_MSGSEND = YES;
				ENABLE_TESTABILITY = NO;
				ENABLE_USER_SCRIPT_SANDBOXING = YES;
				GCC_C_LANGUAGE_STANDARD = gnu17;
				GCC_NO_COMMON_BLOCKS = YES;
				GCC_WARN_64_TO_32_BIT_CONVERSION = YES;
				GCC_WARN_ABOUT_RETURN_TYPE = YES_ERROR;
				GCC_WARN_UNDECLARED_SELECTOR = YES;
				GCC_WARN_UNINITIALIZED_AUTOS = YES_AGGRESSIVE;
				GCC_WARN_UNUSED_FUNCTION = YES;
				GCC_WARN_UNUSED_VARIABLE = YES;
				IPHONEOS_DEPLOYMENT_TARGET = 17.2;
				LOCALIZATION_PREFERS_STRING_CATALOGS = YES;
				MTL_ENABLE_DEBUG_INFO = NO;
				MTL_FAST_MATH = YES;
				SDKROOT = iphoneos;
				SWIFT_COMPILATION_MODE = wholemodule;
				SWIFT_EMIT_LOC_STRINGS = YES;
				VALIDATE_PRODUCT = YES;
			};
			name = Release;
		};
		2CD2292D2B42E687005400BE /* Debug */ = {
			isa = XCBuildConfiguration;
			baseConfigurationReferenceAnchor = B9C8AAA52DDF646800F2076A /* WSSiOS */;
			baseConfigurationReferenceRelativePath = Debug.xcconfig;
			buildSettings = {
				ASSETCATALOG_COMPILER_APPICON_NAME = AppIconDebug;
				ASSETCATALOG_COMPILER_GLOBAL_ACCENT_COLOR_NAME = AccentColor;
				CODE_SIGN_ENTITLEMENTS = WSSiOS/WSSiOS.entitlements;
				CODE_SIGN_IDENTITY = "Apple Development";
				"CODE_SIGN_IDENTITY[sdk=iphoneos*]" = "iPhone Distribution";
				CODE_SIGN_STYLE = Manual;
				CURRENT_PROJECT_VERSION = 2026061002;
				DEVELOPMENT_TEAM = "";
				"DEVELOPMENT_TEAM[sdk=iphoneos*]" = 9SVDHQS4M3;
				GENERATE_INFOPLIST_FILE = YES;
				INFOPLIST_FILE = WSSiOS/Info.plist;
				INFOPLIST_KEY_CFBundleDisplayName = "$(WSS_BUNDLE_NAME)";
				INFOPLIST_KEY_ITSAppUsesNonExemptEncryption = NO;
				INFOPLIST_KEY_LSApplicationCategoryType = "public.app-category.books";
				INFOPLIST_KEY_UIApplicationSupportsIndirectInputEvents = YES;
				INFOPLIST_KEY_UILaunchStoryboardName = LaunchScreen;
				INFOPLIST_KEY_UISupportedInterfaceOrientations = UIInterfaceOrientationPortrait;
				INFOPLIST_KEY_UISupportedInterfaceOrientations_iPad = "UIInterfaceOrientationLandscapeLeft UIInterfaceOrientationLandscapeRight UIInterfaceOrientationPortrait UIInterfaceOrientationPortraitUpsideDown";
				INFOPLIST_KEY_UIUserInterfaceStyle = Light;
				IPHONEOS_DEPLOYMENT_TARGET = 15.0;
				LD_RUNPATH_SEARCH_PATHS = (
					"$(inherited)",
					"@executable_path/Frameworks",
				);
				MARKETING_VERSION = 1.8.0;
				PRODUCT_BUNDLE_IDENTIFIER = kr.websoso.debug2;
				PRODUCT_NAME = "$(TARGET_NAME)";
				PROVISIONING_PROFILE_SPECIFIER = "";
				"PROVISIONING_PROFILE_SPECIFIER[sdk=iphoneos*]" = "match AppStore kr.websoso.debug2";
				SUPPORTED_PLATFORMS = "iphoneos iphonesimulator";
				SUPPORTS_MACCATALYST = NO;
				SUPPORTS_MAC_DESIGNED_FOR_IPHONE_IPAD = NO;
				SUPPORTS_XR_DESIGNED_FOR_IPHONE_IPAD = NO;
				SWIFT_EMIT_LOC_STRINGS = YES;
				SWIFT_VERSION = 5.0;
				TARGETED_DEVICE_FAMILY = 1;
				WSS_BUNDLE_NAME = "웹소소DEBUG";
			};
			name = Debug;
		};
		2CD2292E2B42E687005400BE /* Release */ = {
			isa = XCBuildConfiguration;
			baseConfigurationReferenceAnchor = B9C8AAA52DDF646800F2076A /* WSSiOS */;
			baseConfigurationReferenceRelativePath = Release.xcconfig;
			buildSettings = {
				ASSETCATALOG_COMPILER_APPICON_NAME = AppIcon;
				ASSETCATALOG_COMPILER_GLOBAL_ACCENT_COLOR_NAME = AccentColor;
				CODE_SIGN_ENTITLEMENTS = WSSiOS/WSSiOS.entitlements;
				CODE_SIGN_IDENTITY = "Apple Development";
				"CODE_SIGN_IDENTITY[sdk=iphoneos*]" = "iPhone Distribution";
				CODE_SIGN_STYLE = Manual;
				CURRENT_PROJECT_VERSION = 2026061002;
				DEVELOPMENT_TEAM = "";
				"DEVELOPMENT_TEAM[sdk=iphoneos*]" = 9SVDHQS4M3;
				GENERATE_INFOPLIST_FILE = YES;
				INFOPLIST_FILE = WSSiOS/Info.plist;
				INFOPLIST_KEY_CFBundleDisplayName = "$(WSS_BUNDLE_NAME)";
				INFOPLIST_KEY_ITSAppUsesNonExemptEncryption = NO;
				INFOPLIST_KEY_LSApplicationCategoryType = "public.app-category.books";
				INFOPLIST_KEY_UIApplicationSupportsIndirectInputEvents = YES;
				INFOPLIST_KEY_UILaunchStoryboardName = LaunchScreen;
				INFOPLIST_KEY_UISupportedInterfaceOrientations = UIInterfaceOrientationPortrait;
				INFOPLIST_KEY_UISupportedInterfaceOrientations_iPad = "UIInterfaceOrientationLandscapeLeft UIInterfaceOrientationLandscapeRight UIInterfaceOrientationPortrait UIInterfaceOrientationPortraitUpsideDown";
				INFOPLIST_KEY_UIUserInterfaceStyle = Light;
				IPHONEOS_DEPLOYMENT_TARGET = 15.0;
				LD_RUNPATH_SEARCH_PATHS = (
					"$(inherited)",
					"@executable_path/Frameworks",
				);
				MARKETING_VERSION = 1.8.0;
				PRODUCT_BUNDLE_IDENTIFIER = kr.websoso;
				PRODUCT_NAME = "$(TARGET_NAME)";
				PROVISIONING_PROFILE_SPECIFIER = "";
				"PROVISIONING_PROFILE_SPECIFIER[sdk=iphoneos*]" = "match AppStore kr.websoso";
				SUPPORTED_PLATFORMS = "iphoneos iphonesimulator";
				SUPPORTS_MACCATALYST = NO;
				SUPPORTS_MAC_DESIGNED_FOR_IPHONE_IPAD = NO;
				SUPPORTS_XR_DESIGNED_FOR_IPHONE_IPAD = NO;
				SWIFT_EMIT_LOC_STRINGS = YES;
				SWIFT_VERSION = 5.0;
				TARGETED_DEVICE_FAMILY = 1;
				WSS_BUNDLE_NAME = "웹소소";
			};
			name = Release;
		};
/* End XCBuildConfiguration section */

/* Begin XCConfigurationList section */
		2CD229132B42E685005400BE /* Build configuration list for PBXProject "WSSiOS" */ = {
			isa = XCConfigurationList;
			buildConfigurations = (
				2CD2292A2B42E687005400BE /* Debug */,
				2CD2292B2B42E687005400BE /* Release */,
			);
			defaultConfigurationIsVisible = 0;
			defaultConfigurationName = Release;
		};
		2CD2292C2B42E687005400BE /* Build configuration list for PBXNativeTarget "WSSiOS" */ = {
			isa = XCConfigurationList;
			buildConfigurations = (
				2CD2292D2B42E687005400BE /* Debug */,
				2CD2292E2B42E687005400BE /* Release */,
			);
			defaultConfigurationIsVisible = 0;
			defaultConfigurationName = Release;
		};
/* End XCConfigurationList section */

/* Begin XCRemoteSwiftPackageReference section */
		2C95AEF12CA6DF85001A5559 /* XCRemoteSwiftPackageReference "SnapKit" */ = {
			isa = XCRemoteSwiftPackageReference;
			repositoryURL = "https://github.com/SnapKit/SnapKit";
			requirement = {
				kind = upToNextMajorVersion;
				minimumVersion = 5.7.1;
			};
		};
		2C9BDDA52CA79F420026D038 /* XCRemoteSwiftPackageReference "Kingfisher" */ = {
			isa = XCRemoteSwiftPackageReference;
			repositoryURL = "https://github.com/onevcat/Kingfisher";
			requirement = {
				kind = upToNextMajorVersion;
				minimumVersion = 8.0.3;
			};
		};
		2CD2293A2B42E7A2005400BE /* XCRemoteSwiftPackageReference "RxSwift" */ = {
			isa = XCRemoteSwiftPackageReference;
			repositoryURL = "https://github.com/ReactiveX/RxSwift.git";
			requirement = {
				kind = upToNextMajorVersion;
				minimumVersion = 6.6.0;
			};
		};
		2CD229452B42E7C8005400BE /* XCRemoteSwiftPackageReference "lottie-ios" */ = {
			isa = XCRemoteSwiftPackageReference;
			repositoryURL = "https://github.com/airbnb/lottie-ios.git";
			requirement = {
				kind = upToNextMajorVersion;
				minimumVersion = 4.3.4;
			};
		};
		390162CA2CE6575D00B7476C /* XCRemoteSwiftPackageReference "kakao-ios-sdk-rx" */ = {
			isa = XCRemoteSwiftPackageReference;
			repositoryURL = "https://github.com/kakao/kakao-ios-sdk-rx";
			requirement = {
				branch = master;
				kind = branch;
			};
		};
		3916EC842B89B42C007835B5 /* XCRemoteSwiftPackageReference "RxGesture" */ = {
			isa = XCRemoteSwiftPackageReference;
			repositoryURL = "https://github.com/RxSwiftCommunity/RxGesture";
			requirement = {
				kind = upToNextMajorVersion;
				minimumVersion = 4.0.4;
			};
		};
		394401A82CE9B07B007B5E04 /* XCRemoteSwiftPackageReference "Then" */ = {
			isa = XCRemoteSwiftPackageReference;
			repositoryURL = "https://github.com/devxoul/Then";
			requirement = {
				kind = upToNextMajorVersion;
				minimumVersion = 3.0.0;
			};
		};
		3999BFEC2B4E6CA000984832 /* XCRemoteSwiftPackageReference "UIImageViewAlignedSwift" */ = {
			isa = XCRemoteSwiftPackageReference;
			repositoryURL = "https://github.com/sochalewski/UIImageViewAlignedSwift";
			requirement = {
				kind = upToNextMajorVersion;
				minimumVersion = 0.8.3;
			};
		};
		39EDFB372D38D9A7009F071A /* XCRemoteSwiftPackageReference "firebase-ios-sdk" */ = {
			isa = XCRemoteSwiftPackageReference;
			repositoryURL = "https://github.com/firebase/firebase-ios-sdk";
			requirement = {
				kind = upToNextMajorVersion;
				minimumVersion = 11.7.0;
			};
		};
		CD3E5A832B54254F00C0A659 /* XCRemoteSwiftPackageReference "RxKeyboard" */ = {
			isa = XCRemoteSwiftPackageReference;
			repositoryURL = "https://github.com/RxSwiftCommunity/RxKeyboard";
			requirement = {
				kind = upToNextMajorVersion;
				minimumVersion = 2.0.1;
			};
		};
		CDE0C02F2D23B04C000BC822 /* XCRemoteSwiftPackageReference "Amplitude-Swift" */ = {
			isa = XCRemoteSwiftPackageReference;
			repositoryURL = "https://github.com/amplitude/Amplitude-Swift";
			requirement = {
				branch = main;
				kind = branch;
			};
		};
/* End XCRemoteSwiftPackageReference section */

/* Begin XCSwiftPackageProductDependency section */
		2C95AEF22CA6DF85001A5559 /* SnapKit */ = {
			isa = XCSwiftPackageProductDependency;
			package = 2C95AEF12CA6DF85001A5559 /* XCRemoteSwiftPackageReference "SnapKit" */;
			productName = SnapKit;
		};
		2C9BDDA62CA79F420026D038 /* Kingfisher */ = {
			isa = XCSwiftPackageProductDependency;
			package = 2C9BDDA52CA79F420026D038 /* XCRemoteSwiftPackageReference "Kingfisher" */;
			productName = Kingfisher;
		};
		2CD2293B2B42E7A2005400BE /* RxBlocking */ = {
			isa = XCSwiftPackageProductDependency;
			package = 2CD2293A2B42E7A2005400BE /* XCRemoteSwiftPackageReference "RxSwift" */;
			productName = RxBlocking;
		};
		2CD2293F2B42E7A2005400BE /* RxCocoa */ = {
			isa = XCSwiftPackageProductDependency;
			package = 2CD2293A2B42E7A2005400BE /* XCRemoteSwiftPackageReference "RxSwift" */;
			productName = RxCocoa;
		};
		2CD229432B42E7A2005400BE /* RxRelay */ = {
			isa = XCSwiftPackageProductDependency;
			package = 2CD2293A2B42E7A2005400BE /* XCRemoteSwiftPackageReference "RxSwift" */;
			productName = RxRelay;
		};
		2CD229462B42E7C8005400BE /* Lottie */ = {
			isa = XCSwiftPackageProductDependency;
			package = 2CD229452B42E7C8005400BE /* XCRemoteSwiftPackageReference "lottie-ios" */;
			productName = Lottie;
		};
		390162CB2CE6575D00B7476C /* RxKakaoSDKAuth */ = {
			isa = XCSwiftPackageProductDependency;
			package = 390162CA2CE6575D00B7476C /* XCRemoteSwiftPackageReference "kakao-ios-sdk-rx" */;
			productName = RxKakaoSDKAuth;
		};
		390162CD2CE6575D00B7476C /* RxKakaoSDKUser */ = {
			isa = XCSwiftPackageProductDependency;
			package = 390162CA2CE6575D00B7476C /* XCRemoteSwiftPackageReference "kakao-ios-sdk-rx" */;
			productName = RxKakaoSDKUser;
		};
		3916EC852B89B42C007835B5 /* RxGesture */ = {
			isa = XCSwiftPackageProductDependency;
			package = 3916EC842B89B42C007835B5 /* XCRemoteSwiftPackageReference "RxGesture" */;
			productName = RxGesture;
		};
		394401A92CE9B07B007B5E04 /* Then */ = {
			isa = XCSwiftPackageProductDependency;
			package = 394401A82CE9B07B007B5E04 /* XCRemoteSwiftPackageReference "Then" */;
			productName = Then;
		};
		398F933D2CE66C3500C0F916 /* RxKakaoSDKCommon */ = {
			isa = XCSwiftPackageProductDependency;
			package = 390162CA2CE6575D00B7476C /* XCRemoteSwiftPackageReference "kakao-ios-sdk-rx" */;
			productName = RxKakaoSDKCommon;
		};
		3999BFED2B4E6CA000984832 /* UIImageViewAlignedSwift */ = {
			isa = XCSwiftPackageProductDependency;
			package = 3999BFEC2B4E6CA000984832 /* XCRemoteSwiftPackageReference "UIImageViewAlignedSwift" */;
			productName = UIImageViewAlignedSwift;
		};
		39EDFB382D38D9A7009F071A /* FirebaseAnalytics */ = {
			isa = XCSwiftPackageProductDependency;
			package = 39EDFB372D38D9A7009F071A /* XCRemoteSwiftPackageReference "firebase-ios-sdk" */;
			productName = FirebaseAnalytics;
		};
		39EDFB3A2D38D9A7009F071A /* FirebaseMessaging */ = {
			isa = XCSwiftPackageProductDependency;
			package = 39EDFB372D38D9A7009F071A /* XCRemoteSwiftPackageReference "firebase-ios-sdk" */;
			productName = FirebaseMessaging;
		};
		39EF97AB2B53E43800D2148B /* Lottie */ = {
			isa = XCSwiftPackageProductDependency;
			package = 2CD229452B42E7C8005400BE /* XCRemoteSwiftPackageReference "lottie-ios" */;
			productName = Lottie;
		};
		CD3E5A842B54254F00C0A659 /* RxKeyboard */ = {
			isa = XCSwiftPackageProductDependency;
			package = CD3E5A832B54254F00C0A659 /* XCRemoteSwiftPackageReference "RxKeyboard" */;
			productName = RxKeyboard;
		};
		CDE0C0302D23B04D000BC822 /* AmplitudeSwift */ = {
			isa = XCSwiftPackageProductDependency;
			package = CDE0C02F2D23B04C000BC822 /* XCRemoteSwiftPackageReference "Amplitude-Swift" */;
			productName = AmplitudeSwift;
		};
/* End XCSwiftPackageProductDependency section */
	};
	rootObject = 2CD229102B42E685005400BE /* Project object */;
}
